
Microsoft Visual Studio Solution File, Format Version 12.00
# Visual Studio 15
VisualStudioVersion = 15.0.28307.757
MinimumVisualStudioVersion = 10.0.40219.1
Project("{FAE04EC0-301F-11D3-BF4B-00C04F79EFBC}") = "APP", "APP\APP.csproj", "{4FC7FBE7-1700-4EE8-84D0-7FA987E49552}"
EndProject
Global
	GlobalSection(SolutionConfigurationPlatforms) = preSolution
		Debug|Any CPU = Debug|Any CPU
		Release|Any CPU = Release|Any CPU
	EndGlobalSection
	GlobalSection(ProjectConfigurationPlatforms) = postSolution
		{4FC7FBE7-1700-4EE8-84D0-7FA987E49552}.Debug|Any CPU.ActiveCfg = Debug|Any CPU
		{4FC7FBE7-1700-4EE8-84D0-7FA987E49552}.Debug|Any CPU.Build.0 = Debug|Any CPU
		{4FC7FBE7-1700-4EE8-84D0-7FA987E49552}.Release|Any CPU.ActiveCfg = Release|Any CPU
		{4FC7FBE7-1700-4EE8-84D0-7FA987E49552}.Release|Any CPU.Build.0 = Release|Any CPU
	EndGlobalSection
	GlobalSection(SolutionProperties) = preSolution
		HideSolutionNode = FALSE
	EndGlobalSection
	GlobalSection(ExtensibilityGlobals) = postSolution
		SolutionGuid = {99EDC8E0-68BA-4C1C-ADEB-DB8B7F33C40F}
	EndGlobalSection
EndGlobal
